
Microsoft Visual Studio Solution File, Format Version 12.00
# Visual Studio Version 17
VisualStudioVersion = 17.1.32328.378
MinimumVisualStudioVersion = 10.0.40219.1
Project("{9A19103F-16F7-4668-BE54-9A1E7A4F7556}") = "D01Inmutabilidad", "D01Inmutabilidad\D01Inmutabilidad.csproj", "{19BABCB4-C41B-44E9-846F-469E63772075}"
EndProject
Project("{9A19103F-16F7-4668-BE54-9A1E7A4F7556}") = "D02Expresiones", "D02Expresiones\D02Expresiones.csproj", "{EFF32037-4CE7-4BC2-ABDD-16271CFC7682}"
EndProject
Project("{9A19103F-16F7-4668-BE54-9A1E7A4F7556}") = "D03Expresiones", "D03Expresiones\D03Expresiones.csproj", "{BC2E694E-D9E9-43F9-B418-8F3E7DF04218}"
EndProject
Project("{FAE04EC0-301F-11D3-BF4B-00C04F79EFBC}") = "D04 LambdaExpressions", "D04 LambdaExpressions\D04 LambdaExpressions.csproj", "{3FC907AA-DD83-475D-94E0-B48DD0E8D6FB}"
EndProject
Project("{2150E333-8FDC-42A3-9474-1A3956D46DE8}") = "Solution Items", "Solution Items", "{ECDE7548-ED72-49B1-86CD-210B5031F83B}"
	ProjectSection(SolutionItems) = preProject
		README.md = README.md
	EndProjectSection
EndProject
Global
	GlobalSection(SolutionConfigurationPlatforms) = preSolution
		Debug|Any CPU = Debug|Any CPU
		Release|Any CPU = Release|Any CPU
	EndGlobalSection
	GlobalSection(ProjectConfigurationPlatforms) = postSolution
		{19BABCB4-C41B-44E9-846F-469E63772075}.Debug|Any CPU.ActiveCfg = Debug|Any CPU
		{19BABCB4-C41B-44E9-846F-469E63772075}.Debug|Any CPU.Build.0 = Debug|Any CPU
		{19BABCB4-C41B-44E9-846F-469E63772075}.Release|Any CPU.ActiveCfg = Release|Any CPU
		{19BABCB4-C41B-44E9-846F-469E63772075}.Release|Any CPU.Build.0 = Release|Any CPU
		{EFF32037-4CE7-4BC2-ABDD-16271CFC7682}.Debug|Any CPU.ActiveCfg = Debug|Any CPU
		{EFF32037-4CE7-4BC2-ABDD-16271CFC7682}.Debug|Any CPU.Build.0 = Debug|Any CPU
		{EFF32037-4CE7-4BC2-ABDD-16271CFC7682}.Release|Any CPU.ActiveCfg = Release|Any CPU
		{EFF32037-4CE7-4BC2-ABDD-16271CFC7682}.Release|Any CPU.Build.0 = Release|Any CPU
		{BC2E694E-D9E9-43F9-B418-8F3E7DF04218}.Debug|Any CPU.ActiveCfg = Debug|Any CPU
		{BC2E694E-D9E9-43F9-B418-8F3E7DF04218}.Debug|Any CPU.Build.0 = Debug|Any CPU
		{BC2E694E-D9E9-43F9-B418-8F3E7DF04218}.Release|Any CPU.ActiveCfg = Release|Any CPU
		{BC2E694E-D9E9-43F9-B418-8F3E7DF04218}.Release|Any CPU.Build.0 = Release|Any CPU
		{3FC907AA-DD83-475D-94E0-B48DD0E8D6FB}.Debug|Any CPU.ActiveCfg = Debug|Any CPU
		{3FC907AA-DD83-475D-94E0-B48DD0E8D6FB}.Debug|Any CPU.Build.0 = Debug|Any CPU
		{3FC907AA-DD83-475D-94E0-B48DD0E8D6FB}.Release|Any CPU.ActiveCfg = Release|Any CPU
		{3FC907AA-DD83-475D-94E0-B48DD0E8D6FB}.Release|Any CPU.Build.0 = Release|Any CPU
	EndGlobalSection
	GlobalSection(SolutionProperties) = preSolution
		HideSolutionNode = FALSE
	EndGlobalSection
	GlobalSection(ExtensibilityGlobals) = postSolution
		SolutionGuid = {3C254E46-659B-4D2C-B1B5-B85E8A29B38E}
	EndGlobalSection
EndGlobal
